
Microsoft Visual Studio Solution File, Format Version 12.00
# Visual Studio 15
VisualStudioVersion = 15.0.27703.1
MinimumVisualStudioVersion = 10.0.40219.1
Project("{FAE04EC0-301F-11D3-BF4B-00C04F79EFBC}") = "NPC", "NPC\NPC.csproj", "{B5541D0B-C7F8-4C2C-AFC9-4846C5B8D023}"
EndProject
Global
	GlobalSection(SolutionConfigurationPlatforms) = preSolution
		Debug|Any CPU = Debug|Any CPU
		Release|Any CPU = Release|Any CPU
	EndGlobalSection
	GlobalSection(ProjectConfigurationPlatforms) = postSolution
		{B5541D0B-C7F8-4C2C-AFC9-4846C5B8D023}.Debug|Any CPU.ActiveCfg = Debug|Any CPU
		{B5541D0B-C7F8-4C2C-AFC9-4846C5B8D023}.Debug|Any CPU.Build.0 = Debug|Any CPU
		{B5541D0B-C7F8-4C2C-AFC9-4846C5B8D023}.Release|Any CPU.ActiveCfg = Release|Any CPU
		{B5541D0B-C7F8-4C2C-AFC9-4846C5B8D023}.Release|Any CPU.Build.0 = Release|Any CPU
	EndGlobalSection
	GlobalSection(SolutionProperties) = preSolution
		HideSolutionNode = FALSE
	EndGlobalSection
	GlobalSection(ExtensibilityGlobals) = postSolution
		SolutionGuid = {99AC0AD8-CFE7-4EB3-BD14-7CE36C70D47E}
	EndGlobalSection
EndGlobal
